
Microsoft Visual Studio Solution File, Format Version 12.00
# Visual Studio 2012
Project("{FAE04EC0-301F-11D3-BF4B-00C04F79EFBC}") = "PoiEventNetwork", "PoiEventFacade\PoiEventNetwork.csproj", "{D0614308-B0B8-4EAB-BD71-C8C3BF0DA575}"
EndProject
Project("{FAE04EC0-301F-11D3-BF4B-00C04F79EFBC}") = "PoiEventNetworkTest", "PoiEventFacadeTest\PoiEventNetworkTest.csproj", "{71FB6639-2D41-482D-8E25-439842A26789}"
EndProject
Global
	GlobalSection(SolutionConfigurationPlatforms) = preSolution
		Debug|Any CPU = Debug|Any CPU
		Release|Any CPU = Release|Any CPU
	EndGlobalSection
	GlobalSection(ProjectConfigurationPlatforms) = postSolution
		{D0614308-B0B8-4EAB-BD71-C8C3BF0DA575}.Debug|Any CPU.ActiveCfg = Debug|Any CPU
		{D0614308-B0B8-4EAB-BD71-C8C3BF0DA575}.Debug|Any CPU.Build.0 = Debug|Any CPU
		{D0614308-B0B8-4EAB-BD71-C8C3BF0DA575}.Release|Any CPU.ActiveCfg = Release|Any CPU
		{D0614308-B0B8-4EAB-BD71-C8C3BF0DA575}.Release|Any CPU.Build.0 = Release|Any CPU
		{71FB6639-2D41-482D-8E25-439842A26789}.Debug|Any CPU.ActiveCfg = Debug|Any CPU
		{71FB6639-2D41-482D-8E25-439842A26789}.Debug|Any CPU.Build.0 = Debug|Any CPU
		{71FB6639-2D41-482D-8E25-439842A26789}.Release|Any CPU.ActiveCfg = Release|Any CPU
		{71FB6639-2D41-482D-8E25-439842A26789}.Release|Any CPU.Build.0 = Release|Any CPU
	EndGlobalSection
	GlobalSection(SolutionProperties) = preSolution
		HideSolutionNode = FALSE
	EndGlobalSection
EndGlobal
